
Microsoft Visual Studio Solution File, Format Version 12.00
# Visual Studio 15
VisualStudioVersion = 15.0.27703.2026
MinimumVisualStudioVersion = 10.0.40219.1
Project("{FAE04EC0-301F-11D3-BF4B-00C04F79EFBC}") = "AdventureWorksManagement", "AdventureWorksManagement\AdventureWorksManagement.csproj", "{1B8AE7FC-0395-4575-AB5E-21A1EBD44174}"
EndProject
Project("{FAE04EC0-301F-11D3-BF4B-00C04F79EFBC}") = "AWM.BusinessLayer", "AWM.BusinessLayer\AWM.BusinessLayer.csproj", "{A65C68CC-0203-426D-AB04-9D7A1A294AC3}"
EndProject
Project("{FAE04EC0-301F-11D3-BF4B-00C04F79EFBC}") = "AWM.DataLayer", "AWM.DataLayer\AWM.DataLayer.csproj", "{0C10547B-C110-40EB-9B16-8E879E1B4CCD}"
EndProject
Global
	GlobalSection(SolutionConfigurationPlatforms) = preSolution
		Debug|Any CPU = Debug|Any CPU
		Release|Any CPU = Release|Any CPU
	EndGlobalSection
	GlobalSection(ProjectConfigurationPlatforms) = postSolution
		{1B8AE7FC-0395-4575-AB5E-21A1EBD44174}.Debug|Any CPU.ActiveCfg = Debug|Any CPU
		{1B8AE7FC-0395-4575-AB5E-21A1EBD44174}.Debug|Any CPU.Build.0 = Debug|Any CPU
		{1B8AE7FC-0395-4575-AB5E-21A1EBD44174}.Release|Any CPU.ActiveCfg = Release|Any CPU
		{1B8AE7FC-0395-4575-AB5E-21A1EBD44174}.Release|Any CPU.Build.0 = Release|Any CPU
		{A65C68CC-0203-426D-AB04-9D7A1A294AC3}.Debug|Any CPU.ActiveCfg = Debug|Any CPU
		{A65C68CC-0203-426D-AB04-9D7A1A294AC3}.Debug|Any CPU.Build.0 = Debug|Any CPU
		{A65C68CC-0203-426D-AB04-9D7A1A294AC3}.Release|Any CPU.ActiveCfg = Release|Any CPU
		{A65C68CC-0203-426D-AB04-9D7A1A294AC3}.Release|Any CPU.Build.0 = Release|Any CPU
		{0C10547B-C110-40EB-9B16-8E879E1B4CCD}.Debug|Any CPU.ActiveCfg = Debug|Any CPU
		{0C10547B-C110-40EB-9B16-8E879E1B4CCD}.Debug|Any CPU.Build.0 = Debug|Any CPU
		{0C10547B-C110-40EB-9B16-8E879E1B4CCD}.Release|Any CPU.ActiveCfg = Release|Any CPU
		{0C10547B-C110-40EB-9B16-8E879E1B4CCD}.Release|Any CPU.Build.0 = Release|Any CPU
	EndGlobalSection
	GlobalSection(SolutionProperties) = preSolution
		HideSolutionNode = FALSE
	EndGlobalSection
	GlobalSection(ExtensibilityGlobals) = postSolution
		SolutionGuid = {574735C0-576F-4502-8611-9325626EBB6D}
	EndGlobalSection
EndGlobal
